
Microsoft Visual Studio Solution File, Format Version 11.00
# Visual Studio 2010
Project("{FAE04EC0-301F-11D3-BF4B-00C04F79EFBC}") = "Downloader", "Downloader.csproj", "{36D268AE-7E62-45C1-B043-C4476BB6AF01}"
EndProject
Global
	GlobalSection(SolutionConfigurationPlatforms) = preSolution
		Debug|Any CPU = Debug|Any CPU
		Release|Any CPU = Release|Any CPU
	EndGlobalSection
	GlobalSection(ProjectConfigurationPlatforms) = postSolution
		{36D268AE-7E62-45C1-B043-C4476BB6AF01}.Debug|Any CPU.ActiveCfg = Release|Any CPU
		{36D268AE-7E62-45C1-B043-C4476BB6AF01}.Debug|Any CPU.Build.0 = Release|Any CPU
		{36D268AE-7E62-45C1-B043-C4476BB6AF01}.Release|Any CPU.ActiveCfg = Release|Any CPU
		{36D268AE-7E62-45C1-B043-C4476BB6AF01}.Release|Any CPU.Build.0 = Release|Any CPU
	EndGlobalSection
	GlobalSection(SolutionProperties) = preSolution
		HideSolutionNode = FALSE
	EndGlobalSection
EndGlobal
